
Microsoft Visual Studio Solution File, Format Version 12.00
# Visual Studio Version 17
VisualStudioVersion = 17.14.36414.22
MinimumVisualStudioVersion = 10.0.40219.1
Project("{FAE04EC0-301F-11D3-BF4B-00C04F79EFBC}") = "TechnicalLaboratoryManagement", "TechnicalLaboratoryManagement\TechnicalLaboratoryManagement.csproj", "{D2DCA077-3426-4A17-AB92-5603366BBD01}"
EndProject
Project("{FAE04EC0-301F-11D3-BF4B-00C04F79EFBC}") = "TechnicalLaboratoryManagement.Client", "TechnicalLaboratoryManagement.Client\TechnicalLaboratoryManagement.Client.csproj", "{E79FDAB1-AE77-4BFF-B927-A686710E7C37}"
EndProject
Global
	GlobalSection(SolutionConfigurationPlatforms) = preSolution
		Debug|Any CPU = Debug|Any CPU
		Release|Any CPU = Release|Any CPU
	EndGlobalSection
	GlobalSection(ProjectConfigurationPlatforms) = postSolution
		{D2DCA077-3426-4A17-AB92-5603366BBD01}.Debug|Any CPU.ActiveCfg = Debug|Any CPU
		{D2DCA077-3426-4A17-AB92-5603366BBD01}.Debug|Any CPU.Build.0 = Debug|Any CPU
		{D2DCA077-3426-4A17-AB92-5603366BBD01}.Release|Any CPU.ActiveCfg = Release|Any CPU
		{D2DCA077-3426-4A17-AB92-5603366BBD01}.Release|Any CPU.Build.0 = Release|Any CPU
		{E79FDAB1-AE77-4BFF-B927-A686710E7C37}.Debug|Any CPU.ActiveCfg = Debug|Any CPU
		{E79FDAB1-AE77-4BFF-B927-A686710E7C37}.Debug|Any CPU.Build.0 = Debug|Any CPU
		{E79FDAB1-AE77-4BFF-B927-A686710E7C37}.Release|Any CPU.ActiveCfg = Release|Any CPU
		{E79FDAB1-AE77-4BFF-B927-A686710E7C37}.Release|Any CPU.Build.0 = Release|Any CPU
	EndGlobalSection
	GlobalSection(SolutionProperties) = preSolution
		HideSolutionNode = FALSE
	EndGlobalSection
	GlobalSection(ExtensibilityGlobals) = postSolution
		SolutionGuid = {D3F6E2D7-E5CC-4F7C-8CD2-ADBEE3756E98}
	EndGlobalSection
EndGlobal
